<?xml version="1.0" encoding="utf-8"?>
<Project ToolsVersion="4.0" xmlns="http://schemas.microsoft.com/developer/msbuild/2003">
  <ItemGroup>
    <ClCompile Include="app.cpp" />
    <ClCompile Include="app_commands.cpp" />
    <ClCompile Include="platform_win.cpp" />
    <ClCompile Include="tests.cpp" />
    <ClCompile Include="document.cpp" />
    <ClCompile Include="document_syntax.cpp" />
    <ClCompile Include="pch.cpp" />
    <ClCompile Include="util.cpp" />
    <ClCompile Include="commands.cpp" />
  </ItemGroup>
  <ItemGroup>
    <ClInclude Include="platform.h" />
    <ClInclude Include="test.h" />
    <ClInclude Include="document.h" />
    <ClInclude Include="view_text.h" />
    <ClInclude Include="view_doc.h" />
    <ClInclude Include="resource.h" />
    <ClInclude Include="pch.h" />
    <ClInclude Include="targetver.h" />
    <ClInclude Include="ui.h" />
    <ClInclude Include="util.h" />
    <ClInclude Include="view_list.h" />
    <ClInclude Include="view_list_files.h" />
    <ClInclude Include="view_list_search.h" />
    <ClInclude Include="view_doc_edit.h" />
    <ClInclude Include="view_doc_markdown.h" />
    <ClInclude Include="view_doc_hex.h" />
    <ClInclude Include="view_doc_csv.h" />
    <ClInclude Include="app.h" />
    <ClInclude Include="app_state.h" />
    <ClInclude Include="calc.h" />
    <ClInclude Include="commands.h" />
    <ClInclude Include="view_base.h" />
  </ItemGroup>
  <ItemGroup>
    <ResourceCompile Include="app.rc" />
  </ItemGroup>
  <ItemGroup>
    <Image Include="res\app.ico" />
  </ItemGroup>
</Project>